
Microsoft Visual Studio Solution File, Format Version 11.00
# Visual C++ Express 2010
Project("{8BC9CEB8-8B4A-11D0-8D11-00A0C91BC942}") = "HypnoBot", "HypnoBot\HypnoBot.vcxproj", "{6DA53958-8E1E-452C-B02E-661BD3A6C17C}"
EndProject
Global
	GlobalSection(SolutionConfigurationPlatforms) = preSolution
		Debug|Win32 = Debug|Win32
		Release|Win32 = Release|Win32
	EndGlobalSection
	GlobalSection(ProjectConfigurationPlatforms) = postSolution
		{6DA53958-8E1E-452C-B02E-661BD3A6C17C}.Debug|Win32.ActiveCfg = Debug|Win32
		{6DA53958-8E1E-452C-B02E-661BD3A6C17C}.Debug|Win32.Build.0 = Debug|Win32
		{6DA53958-8E1E-452C-B02E-661BD3A6C17C}.Release|Win32.ActiveCfg = Release|Win32
		{6DA53958-8E1E-452C-B02E-661BD3A6C17C}.Release|Win32.Build.0 = Release|Win32
	EndGlobalSection
	GlobalSection(SolutionProperties) = preSolution
		HideSolutionNode = FALSE
	EndGlobalSection
EndGlobal
